Microsoft Visual Studio Solution File, Format Version 11.00
# Visual Studio 2008

Project("{A698BE36-83AA-EB95-43D3-0F123A57C7B2}") = "OXPeacker", "Assembly-CSharp.csproj", "{92589786-47CC-5B39-F53B-E0AB2FBDF537}"
EndProject
Global
	GlobalSection(SolutionConfigurationPlatforms) = preSolution
		Debug|Any CPU = Debug|Any CPU
		Release|Any CPU = Release|Any CPU
	EndGlobalSection
	GlobalSection(ProjectConfigurationPlatforms) = postSolution
		{92589786-47CC-5B39-F53B-E0AB2FBDF537}.Debug|Any CPU.ActiveCfg = Debug|Any CPU
		{92589786-47CC-5B39-F53B-E0AB2FBDF537}.Debug|Any CPU.Build.0 = Debug|Any CPU
		{92589786-47CC-5B39-F53B-E0AB2FBDF537}.Release|Any CPU.ActiveCfg = Release|Any CPU
		{92589786-47CC-5B39-F53B-E0AB2FBDF537}.Release|Any CPU.Build.0 = Release|Any CPU
	EndGlobalSection
	GlobalSection(SolutionProperties) = preSolution
		HideSolutionNode = FALSE
	EndGlobalSection
	GlobalSection(MonoDevelopProperties) = preSolution
		StartupItem = Assembly-CSharp.csproj
	EndGlobalSection
EndGlobal
