Microsoft Visual Studio Solution File, Format Version 11.00
# Visual Studio 2008

Project("{D6EEC613-B483-D73D-E527-95D771B4D49D}") = "SoporteEntel02", "Assembly-CSharp.csproj", "{11F5BB2F-36D5-B5D9-E55D-1BA39D46B888}"
EndProject
Global
	GlobalSection(SolutionConfigurationPlatforms) = preSolution
		Debug|Any CPU = Debug|Any CPU
		Release|Any CPU = Release|Any CPU
	EndGlobalSection
	GlobalSection(ProjectConfigurationPlatforms) = postSolution
		{11F5BB2F-36D5-B5D9-E55D-1BA39D46B888}.Debug|Any CPU.ActiveCfg = Debug|Any CPU
		{11F5BB2F-36D5-B5D9-E55D-1BA39D46B888}.Debug|Any CPU.Build.0 = Debug|Any CPU
		{11F5BB2F-36D5-B5D9-E55D-1BA39D46B888}.Release|Any CPU.ActiveCfg = Release|Any CPU
		{11F5BB2F-36D5-B5D9-E55D-1BA39D46B888}.Release|Any CPU.Build.0 = Release|Any CPU
	EndGlobalSection
	GlobalSection(SolutionProperties) = preSolution
		HideSolutionNode = FALSE
	EndGlobalSection
	GlobalSection(MonoDevelopProperties) = preSolution
		StartupItem = Assembly-CSharp.csproj
	EndGlobalSection
EndGlobal
