Microsoft Visual Studio Solution File, Format Version 11.00
# Visual Studio 2008

Project("{0C78956A-3A4F-1624-95E8-8D2AB1A4A2A9}") = "SoporteEntel04", "Assembly-CSharp.csproj", "{BF82F9CA-39E2-3DC1-B672-E588265C8982}"
EndProject
Global
	GlobalSection(SolutionConfigurationPlatforms) = preSolution
		Debug|Any CPU = Debug|Any CPU
		Release|Any CPU = Release|Any CPU
	EndGlobalSection
	GlobalSection(ProjectConfigurationPlatforms) = postSolution
		{BF82F9CA-39E2-3DC1-B672-E588265C8982}.Debug|Any CPU.ActiveCfg = Debug|Any CPU
		{BF82F9CA-39E2-3DC1-B672-E588265C8982}.Debug|Any CPU.Build.0 = Debug|Any CPU
		{BF82F9CA-39E2-3DC1-B672-E588265C8982}.Release|Any CPU.ActiveCfg = Release|Any CPU
		{BF82F9CA-39E2-3DC1-B672-E588265C8982}.Release|Any CPU.Build.0 = Release|Any CPU
	EndGlobalSection
	GlobalSection(SolutionProperties) = preSolution
		HideSolutionNode = FALSE
	EndGlobalSection
	GlobalSection(MonoDevelopProperties) = preSolution
		StartupItem = Assembly-CSharp.csproj
	EndGlobalSection
EndGlobal
